{
  "version": "5",
  "specifiers": {
    "jsr:@hono/hono@^4.12.8": "4.12.12"
  },
  "jsr": {
    "@hono/hono@4.12.12": {
      "integrity": "dc765178d38b5c4619b358062f6aa5514f7205bb0530b2823ff6265bec69c535"
    }
  },
  "workspace": {
    "dependencies": [
      "jsr:@hono/hono@^4.12.8"
    ]
  }
}
